
Microsoft Visual Studio Solution File, Format Version 12.00
# Visual Studio Version 17
VisualStudioVersion = 17.7.34221.43
MinimumVisualStudioVersion = 10.0.40219.1
Project("{9A19103F-16F7-4668-BE54-9A1E7A4F7556}") = "LogicCircuit", "LogicCircuit.csproj", "{AC530E7A-0514-40E2-A882-FD3736913F53}"
EndProject
Project("{9A19103F-16F7-4668-BE54-9A1E7A4F7556}") = "BlazorWasmCommon_NET6", "..\..\common\BlazorWasmCommon_NET6.csproj", "{CF3687FC-F15D-4DB3-8533-638BFB750CB2}"
EndProject
Global
	GlobalSection(SolutionConfigurationPlatforms) = preSolution
		Debug|Any CPU = Debug|Any CPU
		Release|Any CPU = Release|Any CPU
	EndGlobalSection
	GlobalSection(ProjectConfigurationPlatforms) = postSolution
		{AC530E7A-0514-40E2-A882-FD3736913F53}.Debug|Any CPU.ActiveCfg = Debug|Any CPU
		{AC530E7A-0514-40E2-A882-FD3736913F53}.Debug|Any CPU.Build.0 = Debug|Any CPU
		{AC530E7A-0514-40E2-A882-FD3736913F53}.Release|Any CPU.ActiveCfg = Release|Any CPU
		{AC530E7A-0514-40E2-A882-FD3736913F53}.Release|Any CPU.Build.0 = Release|Any CPU
		{CF3687FC-F15D-4DB3-8533-638BFB750CB2}.Debug|Any CPU.ActiveCfg = Debug|Any CPU
		{CF3687FC-F15D-4DB3-8533-638BFB750CB2}.Debug|Any CPU.Build.0 = Debug|Any CPU
		{CF3687FC-F15D-4DB3-8533-638BFB750CB2}.Release|Any CPU.ActiveCfg = Release|Any CPU
		{CF3687FC-F15D-4DB3-8533-638BFB750CB2}.Release|Any CPU.Build.0 = Release|Any CPU
	EndGlobalSection
	GlobalSection(SolutionProperties) = preSolution
		HideSolutionNode = FALSE
	EndGlobalSection
	GlobalSection(ExtensibilityGlobals) = postSolution
		SolutionGuid = {33485A78-B150-4C2B-BA0F-428093CDB659}
	EndGlobalSection
EndGlobal
